// !$*UTF8*$!
{
	archiveVersion = 1;
	classes = {
	};
	objectVersion = 50;
	objects = {

/* Begin PBXBuildFile section */
		B48C9F6024A8841300365E7F /* AppDelegate.swift in Sources */ = {isa = PBXBuildFile; fileRef = B48C9F5F24A8841300365E7F /* AppDelegate.swift */; };
		B48C9F6224A8841300365E7F /* SceneDelegate.swift in Sources */ = {isa = PBXBuildFile; fileRef = B48C9F6124A8841300365E7F /* SceneDelegate.swift */; };
		B48C9F6424A8841300365E7F /* ViewController.swift in Sources */ = {isa = PBXBuildFile; fileRef = B48C9F6324A8841300365E7F /* ViewController.swift */; };
		B48C9F6724A8841300365E7F /* Main.storyboard in Resources */ = {isa = PBXBuildFile; fileRef = B48C9F6524A8841300365E7F /* Main.storyboard */; };
		B48C9F6924A8841A00365E7F /* Assets.xcassets in Resources */ = {isa = PBXBuildFile; fileRef = B48C9F6824A8841A00365E7F /* Assets.xcassets */; };
		B48C9F6C24A8841A00365E7F /* LaunchScreen.storyboard in Resources */ = {isa = PBXBuildFile; fileRef = B48C9F6A24A8841A00365E7F /* LaunchScreen.storyboard */; };
		B48C9F7724A8841A00365E7F /* TestTests.swift in Sources */ = {isa = PBXBuildFile; fileRef = B48C9F7624A8841A00365E7F /* TestTests.swift */; };
		B48C9F8224A8841A00365E7F /* TestUITests.swift in Sources */ = {isa = PBXBuildFile; fileRef = B48C9F8124A8841A00365E7F /* TestUITests.swift */; };
/* End PBXBuildFile section */

/* Begin PBXContainerItemProxy section */
		B48C9F7324A8841A00365E7F /* PBXContainerItemProxy */ = {
			isa = PBXContainerItemProxy;
			containerPortal = B48C9F5424A8841300365E7F /* Project object */;
			proxyType = 1;
			remoteGlobalIDString = B48C9F5B24A8841300365E7F;
			remoteInfo = Test;
		};
		B48C9F7E24A8841A00365E7F /* PBXContainerItemProxy */ = {
			isa = PBXContainerItemProxy;
			containerPortal = B48C9F5424A8841300365E7F /* Project object */;
			proxyType = 1;
			remoteGlobalIDString = B48C9F5B24A8841300365E7F;
			remoteInfo = Test;
		};
/* End PBXContainerItemProxy section */

/* Begin PBXFileReference section */
		B48C9F5C24A8841300365E7F /* Test.app */ = {isa = PBXFileReference; explicitFileType = wrapper.application; includeInIndex = 0; path = Test.app; sourceTree = BUILT_PRODUCTS_DIR; };
		B48C9F5F24A8841300365E7F /* AppDelegate.swift */ = {isa = PBXFileReference; lastKnownFileType = sourcecode.swift; path = AppDelegate.swift; sourceTree = "<group>"; };
		B48C9F6124A8841300365E7F /* SceneDelegate.swift */ = {isa = PBXFileReference; lastKnownFileType = sourcecode.swift; path = SceneDelegate.swift; sourceTree = "<group>"; };
		B48C9F6324A8841300365E7F /* ViewController.swift */ = {isa = PBXFileReference; lastKnownFileType = sourcecode.swift; path = ViewController.swift; sourceTree = "<group>"; };
		B48C9F6624A8841300365E7F /* Base */ = {isa = PBXFileReference; lastKnownFileType = file.storyboard; name = Base; path = Base.lproj/Main.storyboard; sourceTree = "<group>"; };
		B48C9F6824A8841A00365E7F /* Assets.xcassets */ = {isa = PBXFileReference; lastKnownFileType = folder.assetcatalog; path = Assets.xcassets; sourceTree = "<group>"; };
		B48C9F6B24A8841A00365E7F /* Base */ = {isa = PBXFileReference; lastKnownFileType = file.storyboard; name = Base; path = Base.lproj/LaunchScreen.storyboard; sourceTree = "<group>"; };
		B48C9F6D24A8841A00365E7F /* Info.plist */ = {isa = PBXFileReference; lastKnownFileType = text.plist.xml; path = Info.plist; sourceTree = "<group>"; };
		B48C9F7224A8841A00365E7F /* TestTests.xctest */ = {isa = PBXFileReference; explicitFileType = wrapper.cfbundle; includeInIndex = 0; path = TestTests.xctest; sourceTree = BUILT_PRODUCTS_DIR; };
		B48C9F7624A8841A00365E7F /* TestTests.swift */ = {isa = PBXFileReference; lastKnownFileType = sourcecode.swift; path = TestTests.swift; sourceTree = "<group>"; };
		B48C9F7824A8841A00365E7F /* Info.plist */ = {isa = PBXFileReference; lastKnownFileType = text.plist.xml; path = Info.plist; sourceTree = "<group>"; };
		B48C9F7D24A8841A00365E7F /* TestUITests.xctest */ = {isa = PBXFileReference; explicitFileType = wrapper.cfbundle; includeInIndex = 0; path = TestUITests.xctest; sourceTree = BUILT_PRODUCTS_DIR; };
		B48C9F8124A8841A00365E7F /* TestUITests.swift */ = {isa = PBXFileReference; lastKnownFileType = sourcecode.swift; path = TestUITests.swift; sourceTree = "<group>"; };
		B48C9F8324A8841A00365E7F /* Info.plist */ = {isa = PBXFileReference; lastKnownFileType = text.plist.xml; path = Info.plist; sourceTree = "<group>"; };
/* End PBXFileReference section */

/* Begin PBXFrameworksBuildPhase section */
		B48C9F5924A8841300365E7F /* Frameworks */ = {
			isa = PBXFrameworksBuildPhase;
			buildActionMask = 2147483647;
			files = (
			);
			runOnlyForDeploymentPostprocessing = 0;
		};
		B48C9F6F24A8841A00365E7F /* Frameworks */ = {
			isa = PBXFrameworksBuildPhase;
			buildActionMask = 2147483647;
			files = (
			);
			runOnlyForDeploymentPostprocessing = 0;
		};
		B48C9F7A24A8841A00365E7F /* Frameworks */ = {
			isa = PBXFrameworksBuildPhase;
			buildActionMask = 2147483647;
			files = (
			);
			runOnlyForDeploymentPostprocessing = 0;
		};
/* End PBXFrameworksBuildPhase section */

/* Begin PBXGroup section */
		B48C9F5324A8841300365E7F = {
			isa = PBXGroup;
			children = (
				B48C9F5E24A8841300365E7F /* Test */,
				B48C9F7524A8841A00365E7F /* TestTests */,
				B48C9F8024A8841A00365E7F /* TestUITests */,
				B48C9F5D24A8841300365E7F /* Products */,
			);
			sourceTree = "<group>";
		};
		B48C9F5D24A8841300365E7F /* Products */ = {
			isa = PBXGroup;
			children = (
				B48C9F5C24A8841300365E7F /* Test.app */,
				B48C9F7224A8841A00365E7F /* TestTests.xctest */,
				B48C9F7D24A8841A00365E7F /* TestUITests.xctest */,
			);
			name = Products;
			sourceTree = "<group>";
		};
		B48C9F5E24A8841300365E7F /* Test */ = {
			isa = PBXGroup;
			children = (
				B48C9F5F24A8841300365E7F /* AppDelegate.swift */,
				B48C9F6124A8841300365E7F /* SceneDelegate.swift */,
				B48C9F6324A8841300365E7F /* ViewController.swift */,
				B48C9F6524A8841300365E7F /* Main.storyboard */,
				B48C9F6824A8841A00365E7F /* Assets.xcassets */,
				B48C9F6A24A8841A00365E7F /* LaunchScreen.storyboard */,
				B48C9F6D24A8841A00365E7F /* Info.plist */,
			);
			path = Test;
			sourceTree = "<group>";
		};
		B48C9F7524A8841A00365E7F /* TestTests */ = {
			isa = PBXGroup;
			children = (
				B48C9F7624A8841A00365E7F /* TestTests.swift */,
				B48C9F7824A8841A00365E7F /* Info.plist */,
			);
			path = TestTests;
			sourceTree = "<group>";
		};
		B48C9F8024A8841A00365E7F /* TestUITests */ = {
			isa = PBXGroup;
			children = (
				B48C9F8124A8841A00365E7F /* TestUITests.swift */,
				B48C9F8324A8841A00365E7F /* Info.plist */,
			);
			path = TestUITests;
			sourceTree = "<group>";
		};
/* End PBXGroup section */

/* Begin PBXNativeTarget section */
		B48C9F5B24A8841300365E7F /* Test */ = {
			isa = PBXNativeTarget;
			buildConfigurationList = B48C9F8624A8841A00365E7F /* Build configuration list for PBXNativeTarget "Test" */;
			buildPhases = (
				B48C9F5824A8841300365E7F /* Sources */,
				B48C9F5924A8841300365E7F /* Frameworks */,
				B48C9F5A24A8841300365E7F /* Resources */,
			);
			buildRules = (
			);
			dependencies = (
			);
			name = Test;
			productName = Test;
			productReference = B48C9F5C24A8841300365E7F /* Test.app */;
			productType = "com.apple.product-type.application";
		};
		B48C9F7124A8841A00365E7F /* TestTests */ = {
			isa = PBXNativeTarget;
			buildConfigurationList = B48C9F8924A8841A00365E7F /* Build configuration list for PBXNativeTarget "TestTests" */;
			buildPhases = (
				B48C9F6E24A8841A00365E7F /* Sources */,
				B48C9F6F24A8841A00365E7F /* Frameworks */,
				B48C9F7024A8841A00365E7F /* Resources */,
			);
			buildRules = (
			);
			dependencies = (
				B48C9F7424A8841A00365E7F /* PBXTargetDependency */,
			);
			name = TestTests;
			productName = TestTests;
			productReference = B48C9F7224A8841A00365E7F /* TestTests.xctest */;
			productType = "com.apple.product-type.bundle.unit-test";
		};
		B48C9F7C24A8841A00365E7F /* TestUITests */ = {
			isa = PBXNativeTarget;
			buildConfigurationList = B48C9F8C24A8841A00365E7F /* Build configuration list for PBXNativeTarget "TestUITests" */;
			buildPhases = (
				B48C9F7924A8841A00365E7F /* Sources */,
				B48C9F7A24A8841A00365E7F /* Frameworks */,
				B48C9F7B24A8841A00365E7F /* Resources */,
			);
			buildRules = (
			);
			dependencies = (
				B48C9F7F24A8841A00365E7F /* PBXTargetDependency */,
			);
			name = TestUITests;
			productName = TestUITests;
			productReference = B48C9F7D24A8841A00365E7F /* TestUITests.xctest */;
			productType = "com.apple.product-type.bundle.ui-testing";
		};
/* End PBXNativeTarget section */

/* Begin PBXProject section */
		B48C9F5424A8841300365E7F /* Project object */ = {
			isa = PBXProject;
			attributes = {
				LastSwiftUpdateCheck = 1150;
				LastUpgradeCheck = 1150;
				ORGANIZATIONNAME = Shalabh;
				TargetAttributes = {
					B48C9F5B24A8841300365E7F = {
						CreatedOnToolsVersion = 11.5;
					};
					B48C9F7124A8841A00365E7F = {
						CreatedOnToolsVersion = 11.5;
						TestTargetID = B48C9F5B24A8841300365E7F;
					};
					B48C9F7C24A8841A00365E7F = {
						CreatedOnToolsVersion = 11.5;
						TestTargetID = B48C9F5B24A8841300365E7F;
					};
				};
			};
			buildConfigurationList = B48C9F5724A8841300365E7F /* Build configuration list for PBXProject "Test" */;
			compatibilityVersion = "Xcode 9.3";
			developmentRegion = en;
			hasScannedForEncodings = 0;
			knownRegions = (
				en,
				Base,
			);
			mainGroup = B48C9F5324A8841300365E7F;
			productRefGroup = B48C9F5D24A8841300365E7F /* Products */;
			projectDirPath = "";
			projectRoot = "";
			targets = (
				B48C9F5B24A8841300365E7F /* Test */,
				B48C9F7124A8841A00365E7F /* TestTests */,
				B48C9F7C24A8841A00365E7F /* TestUITests */,
			);
		};
/* End PBXProject section */

/* Begin PBXResourcesBuildPhase section */
		B48C9F5A24A8841300365E7F /* Resources */ = {
			isa = PBXResourcesBuildPhase;
			buildActionMask = 2147483647;
			files = (
				B48C9F6C24A8841A00365E7F /* LaunchScreen.storyboard in Resources */,
				B48C9F6924A8841A00365E7F /* Assets.xcassets in Resources */,
				B48C9F6724A8841300365E7F /* Main.storyboard in Resources */,
			);
			runOnlyForDeploymentPostprocessing = 0;
		};
		B48C9F7024A8841A00365E7F /* Resources */ = {
			isa = PBXResourcesBuildPhase;
			buildActionMask = 2147483647;
			files = (
			);
			runOnlyForDeploymentPostprocessing = 0;
		};
		B48C9F7B24A8841A00365E7F /* Resources */ = {
			isa = PBXResourcesBuildPhase;
			buildActionMask = 2147483647;
			files = (
			);
			runOnlyForDeploymentPostprocessing = 0;
		};
/* End PBXResourcesBuildPhase section */

/* Begin PBXSourcesBuildPhase section */
		B48C9F5824A8841300365E7F /* Sources */ = {
			isa = PBXSourcesBuildPhase;
			buildActionMask = 2147483647;
			files = (
				B48C9F6424A8841300365E7F /* ViewController.swift in Sources */,
				B48C9F6024A8841300365E7F /* AppDelegate.swift in Sources */,
				B48C9F6224A8841300365E7F /* SceneDelegate.swift in Sources */,
			);
			runOnlyForDeploymentPostprocessing = 0;
		};
		B48C9F6E24A8841A00365E7F /* Sources */ = {
			isa = PBXSourcesBuildPhase;
			buildActionMask = 2147483647;
			files = (
				B48C9F7724A8841A00365E7F /* TestTests.swift in Sources */,
			);
			runOnlyForDeploymentPostprocessing = 0;
		};
		B48C9F7924A8841A00365E7F /* Sources */ = {
			isa = PBXSourcesBuildPhase;
			buildActionMask = 2147483647;
			files = (
				B48C9F8224A8841A00365E7F /* TestUITests.swift in Sources */,
			);
			runOnlyForDeploymentPostprocessing = 0;
		};
/* End PBXSourcesBuildPhase section */

/* Begin PBXTargetDependency section */
		B48C9F7424A8841A00365E7F /* PBXTargetDependency */ = {
			isa = PBXTargetDependency;
			target = B48C9F5B24A8841300365E7F /* Test */;
			targetProxy = B48C9F7324A8841A00365E7F /* PBXContainerItemProxy */;
		};
		B48C9F7F24A8841A00365E7F /* PBXTargetDependency */ = {
			isa = PBXTargetDependency;
			target = B48C9F5B24A8841300365E7F /* Test */;
			targetProxy = B48C9F7E24A8841A00365E7F /* PBXContainerItemProxy */;
		};
/* End PBXTargetDependency section */

/* Begin PBXVariantGroup section */
		B48C9F6524A8841300365E7F /* Main.storyboard */ = {
			isa = PBXVariantGroup;
			children = (
				B48C9F6624A8841300365E7F /* Base */,
			);
			name = Main.storyboard;
			sourceTree = "<group>";
		};
		B48C9F6A24A8841A00365E7F /* LaunchScreen.storyboard */ = {
			isa = PBXVariantGroup;
			children = (
				B48C9F6B24A8841A00365E7F /* Base */,
			);
			name = LaunchScreen.storyboard;
			sourceTree = "<group>";
		};
/* End PBXVariantGroup section */

/* Begin XCBuildConfiguration section */
		B48C9F8424A8841A00365E7F /* Debug */ = {
			isa = XCBuildConfiguration;
			buildSettings = {
				ALWAYS_SEARCH_USER_PATHS = NO;
				CLANG_ANALYZER_NONNULL = YES;
				CLANG_ANALYZER_NUMBER_OBJECT_CONVERSION = YES_AGGRESSIVE;
				CLANG_CXX_LANGUAGE_STANDARD = "gnu++14";
				CLANG_CXX_LIBRARY = "libc++";
				CLANG_ENABLE_MODULES = YES;
				CLANG_ENABLE_OBJC_ARC = YES;
				CLANG_ENABLE_OBJC_WEAK = YES;
				CLANG_WARN_BLOCK_CAPTURE_AUTORELEASING = YES;
				CLANG_WARN_BOOL_CONVERSION = YES;
				CLANG_WARN_COMMA = YES;
				CLANG_WARN_CONSTANT_CONVERSION = YES;
				CLANG_WARN_DEPRECATED_OBJC_IMPLEMENTATIONS = YES;
				CLANG_WARN_DIRECT_OBJC_ISA_USAGE = YES_ERROR;
				CLANG_WARN_DOCUMENTATION_COMMENTS = YES;
				CLANG_WARN_EMPTY_BODY = YES;
				CLANG_WARN_ENUM_CONVERSION = YES;
				CLANG_WARN_INFINITE_RECURSION = YES;
				CLANG_WARN_INT_CONVERSION = YES;
				CLANG_WARN_NON_LITERAL_NULL_CONVERSION = YES;
				CLANG_WARN_OBJC_IMPLICIT_RETAIN_SELF = YES;
				CLANG_WARN_OBJC_LITERAL_CONVERSION = YES;
				CLANG_WARN_OBJC_ROOT_CLASS = YES_ERROR;
				CLANG_WARN_RANGE_LOOP_ANALYSIS = YES;
				CLANG_WARN_STRICT_PROTOTYPES = YES;
				CLANG_WARN_SUSPICIOUS_MOVE = YES;
				CLANG_WARN_UNGUARDED_AVAILABILITY = YES_AGGRESSIVE;
				CLANG_WARN_UNREACHABLE_CODE = YES;
				CLANG_WARN__DUPLICATE_METHOD_MATCH = YES;
				COPY_PHASE_STRIP = NO;
				DEBUG_INFORMATION_FORMAT = dwarf;
				ENABLE_STRICT_OBJC_MSGSEND = YES;
				ENABLE_TESTABILITY = YES;
				GCC_C_LANGUAGE_STANDARD = gnu11;
				GCC_DYNAMIC_NO_PIC = NO;
				GCC_NO_COMMON_BLOCKS = YES;
				GCC_OPTIMIZATION_LEVEL = 0;
				GCC_PREPROCESSOR_DEFINITIONS = (
					"DEBUG=1",
					"$(inherited)",
				);
				GCC_WARN_64_TO_32_BIT_CONVERSION = YES;
				GCC_WARN_ABOUT_RETURN_TYPE = YES_ERROR;
				GCC_WARN_UNDECLARED_SELECTOR = YES;
				GCC_WARN_UNINITIALIZED_AUTOS = YES_AGGRESSIVE;
				GCC_WARN_UNUSED_FUNCTION = YES;
				GCC_WARN_UNUSED_VARIABLE = YES;
				IPHONEOS_DEPLOYMENT_TARGET = 13.5;
				MTL_ENABLE_DEBUG_INFO = INCLUDE_SOURCE;
				MTL_FAST_MATH = YES;
				ONLY_ACTIVE_ARCH = YES;
				SDKROOT = iphoneos;
				SWIFT_ACTIVE_COMPILATION_CONDITIONS = DEBUG;
				SWIFT_OPTIMIZATION_LEVEL = "-Onone";
			};
			name = Debug;
		};
		B48C9F8524A8841A00365E7F /* Release */ = {
			isa = XCBuildConfiguration;
			buildSettings = {
				ALWAYS_SEARCH_USER_PATHS = NO;
				CLANG_ANALYZER_NONNULL = YES;
				CLANG_ANALYZER_NUMBER_OBJECT_CONVERSION = YES_AGGRESSIVE;
				CLANG_CXX_LANGUAGE_STANDARD = "gnu++14";
				CLANG_CXX_LIBRARY = "libc++";
				CLANG_ENABLE_MODULES = YES;
				CLANG_ENABLE_OBJC_ARC = YES;
				CLANG_ENABLE_OBJC_WEAK = YES;
				CLANG_WARN_BLOCK_CAPTURE_AUTORELEASING = YES;
				CLANG_WARN_BOOL_CONVERSION = YES;
				CLANG_WARN_COMMA = YES;
				CLANG_WARN_CONSTANT_CONVERSION = YES;
				CLANG_WARN_DEPRECATED_OBJC_IMPLEMENTATIONS = YES;
				CLANG_WARN_DIRECT_OBJC_ISA_USAGE = YES_ERROR;
				CLANG_WARN_DOCUMENTATION_COMMENTS = YES;
				CLANG_WARN_EMPTY_BODY = YES;
				CLANG_WARN_ENUM_CONVERSION = YES;
				CLANG_WARN_INFINITE_RECURSION = YES;
				CLANG_WARN_INT_CONVERSION = YES;
				CLANG_WARN_NON_LITERAL_NULL_CONVERSION = YES;
				CLANG_WARN_OBJC_IMPLICIT_RETAIN_SELF = YES;
				CLANG_WARN_OBJC_LITERAL_CONVERSION = YES;
				CLANG_WARN_OBJC_ROOT_CLASS = YES_ERROR;
				CLANG_WARN_RANGE_LOOP_ANALYSIS = YES;
				CLANG_WARN_STRICT_PROTOTYPES = YES;
				CLANG_WARN_SUSPICIOUS_MOVE = YES;
				CLANG_WARN_UNGUARDED_AVAILABILITY = YES_AGGRESSIVE;
				CLANG_WARN_UNREACHABLE_CODE = YES;
				CLANG_WARN__DUPLICATE_METHOD_MATCH = YES;
				COPY_PHASE_STRIP = NO;
				DEBUG_INFORMATION_FORMAT = "dwarf-with-dsym";
				ENABLE_NS_ASSERTIONS = NO;
				ENABLE_STRICT_OBJC_MSGSEND = YES;
				GCC_C_LANGUAGE_STANDARD = gnu11;
				GCC_NO_COMMON_BLOCKS = YES;
				GCC_WARN_64_TO_32_BIT_CONVERSION = YES;
				GCC_WARN_ABOUT_RETURN_TYPE = YES_ERROR;
				GCC_WARN_UNDECLARED_SELECTOR = YES;
				GCC_WARN_UNINITIALIZED_AUTOS = YES_AGGRESSIVE;
				GCC_WARN_UNUSED_FUNCTION = YES;
				GCC_WARN_UNUSED_VARIABLE = YES;
				IPHONEOS_DEPLOYMENT_TARGET = 13.5;
				MTL_ENABLE_DEBUG_INFO = NO;
				MTL_FAST_MATH = YES;
				SDKROOT = iphoneos;
				SWIFT_COMPILATION_MODE = wholemodule;
				SWIFT_OPTIMIZATION_LEVEL = "-O";
				VALIDATE_PRODUCT = YES;
			};
			name = Release;
		};
		B48C9F8724A8841A00365E7F /* Debug */ = {
			isa = XCBuildConfiguration;
			buildSettings = {
				ASSETCATALOG_COMPILER_APPICON_NAME = AppIcon;
				CODE_SIGN_STYLE = Automatic;
				DEVELOPMENT_TEAM = ZFW7FV368P;
				INFOPLIST_FILE = Test/Info.plist;
				LD_RUNPATH_SEARCH_PATHS = (
					"$(inherited)",
					"@executable_path/Frameworks",
				);
				PRODUCT_BUNDLE_IDENTIFIER = com.hardik.Test;
				PRODUCT_NAME = "$(TARGET_NAME)";
				SWIFT_VERSION = 5.0;
				TARGETED_DEVICE_FAMILY = "1,2";
			};
			name = Debug;
		};
		B48C9F8824A8841A00365E7F /* Release */ = {
			isa = XCBuildConfiguration;
			buildSettings = {
				ASSETCATALOG_COMPILER_APPICON_NAME = AppIcon;
				CODE_SIGN_STYLE = Automatic;
				DEVELOPMENT_TEAM = ZFW7FV368P;
				INFOPLIST_FILE = Test/Info.plist;
				LD_RUNPATH_SEARCH_PATHS = (
					"$(inherited)",
					"@executable_path/Frameworks",
				);
				PRODUCT_BUNDLE_IDENTIFIER = com.hardik.Test;
				PRODUCT_NAME = "$(TARGET_NAME)";
				SWIFT_VERSION = 5.0;
				TARGETED_DEVICE_FAMILY = "1,2";
			};
			name = Release;
		};
		B48C9F8A24A8841A00365E7F /* Debug */ = {
			isa = XCBuildConfiguration;
			buildSettings = {
				ALWAYS_EMBED_SWIFT_STANDARD_LIBRARIES = YES;
				BUNDLE_LOADER = "$(TEST_HOST)";
				CODE_SIGN_STYLE = Automatic;
				DEVELOPMENT_TEAM = ZFW7FV368P;
				INFOPLIST_FILE = TestTests/Info.plist;
				IPHONEOS_DEPLOYMENT_TARGET = 13.5;
				LD_RUNPATH_SEARCH_PATHS = (
					"$(inherited)",
					"@executable_path/Frameworks",
					"@loader_path/Frameworks",
				);
				PRODUCT_BUNDLE_IDENTIFIER = com.hardik.TestTests;
				PRODUCT_NAME = "$(TARGET_NAME)";
				SWIFT_VERSION = 5.0;
				TARGETED_DEVICE_FAMILY = "1,2";
				TEST_HOST = "$(BUILT_PRODUCTS_DIR)/Test.app/Test";
			};
			name = Debug;
		};
		B48C9F8B24A8841A00365E7F /* Release */ = {
			isa = XCBuildConfiguration;
			buildSettings = {
				ALWAYS_EMBED_SWIFT_STANDARD_LIBRARIES = YES;
				BUNDLE_LOADER = "$(TEST_HOST)";
				CODE_SIGN_STYLE = Automatic;
				DEVELOPMENT_TEAM = ZFW7FV368P;
				INFOPLIST_FILE = TestTests/Info.plist;
				IPHONEOS_DEPLOYMENT_TARGET = 13.5;
				LD_RUNPATH_SEARCH_PATHS = (
					"$(inherited)",
					"@executable_path/Frameworks",
					"@loader_path/Frameworks",
				);
				PRODUCT_BUNDLE_IDENTIFIER = com.hardik.TestTests;
				PRODUCT_NAME = "$(TARGET_NAME)";
				SWIFT_VERSION = 5.0;
				TARGETED_DEVICE_FAMILY = "1,2";
				TEST_HOST = "$(BUILT_PRODUCTS_DIR)/Test.app/Test";
			};
			name = Release;
		};
		B48C9F8D24A8841A00365E7F /* Debug */ = {
			isa = XCBuildConfiguration;
			buildSettings = {
				ALWAYS_EMBED_SWIFT_STANDARD_LIBRARIES = YES;
				CODE_SIGN_STYLE = Automatic;
				DEVELOPMENT_TEAM = ZFW7FV368P;
				INFOPLIST_FILE = TestUITests/Info.plist;
				LD_RUNPATH_SEARCH_PATHS = (
					"$(inherited)",
					"@executable_path/Frameworks",
					"@loader_path/Frameworks",
				);
				PRODUCT_BUNDLE_IDENTIFIER = com.hardik.TestUITests;
				PRODUCT_NAME = "$(TARGET_NAME)";
				SWIFT_VERSION = 5.0;
				TARGETED_DEVICE_FAMILY = "1,2";
				TEST_TARGET_NAME = Test;
			};
			name = Debug;
		};
		B48C9F8E24A8841A00365E7F /* Release */ = {
			isa = XCBuildConfiguration;
			buildSettings = {
				ALWAYS_EMBED_SWIFT_STANDARD_LIBRARIES = YES;
				CODE_SIGN_STYLE = Automatic;
				DEVELOPMENT_TEAM = ZFW7FV368P;
				INFOPLIST_FILE = TestUITests/Info.plist;
				LD_RUNPATH_SEARCH_PATHS = (
					"$(inherited)",
					"@executable_path/Frameworks",
					"@loader_path/Frameworks",
				);
				PRODUCT_BUNDLE_IDENTIFIER = com.hardik.TestUITests;
				PRODUCT_NAME = "$(TARGET_NAME)";
				SWIFT_VERSION = 5.0;
				TARGETED_DEVICE_FAMILY = "1,2";
				TEST_TARGET_NAME = Test;
			};
			name = Release;
		};
/* End XCBuildConfiguration section */

/* Begin XCConfigurationList section */
		B48C9F5724A8841300365E7F /* Build configuration list for PBXProject "Test" */ = {
			isa = XCConfigurationList;
			buildConfigurations = (
				B48C9F8424A8841A00365E7F /* Debug */,
				B48C9F8524A8841A00365E7F /* Release */,
			);
			defaultConfigurationIsVisible = 0;
			defaultConfigurationName = Release;
		};
		B48C9F8624A8841A00365E7F /* Build configuration list for PBXNativeTarget "Test" */ = {
			isa = XCConfigurationList;
			buildConfigurations = (
				B48C9F8724A8841A00365E7F /* Debug */,
				B48C9F8824A8841A00365E7F /* Release */,
			);
			defaultConfigurationIsVisible = 0;
			defaultConfigurationName = Release;
		};
		B48C9F8924A8841A00365E7F /* Build configuration list for PBXNativeTarget "TestTests" */ = {
			isa = XCConfigurationList;
			buildConfigurations = (
				B48C9F8A24A8841A00365E7F /* Debug */,
				B48C9F8B24A8841A00365E7F /* Release */,
			);
			defaultConfigurationIsVisible = 0;
			defaultConfigurationName = Release;
		};
		B48C9F8C24A8841A00365E7F /* Build configuration list for PBXNativeTarget "TestUITests" */ = {
			isa = XCConfigurationList;
			buildConfigurations = (
				B48C9F8D24A8841A00365E7F /* Debug */,
				B48C9F8E24A8841A00365E7F /* Release */,
			);
			defaultConfigurationIsVisible = 0;
			defaultConfigurationName = Release;
		};
/* End XCConfigurationList section */
	};
	rootObject = B48C9F5424A8841300365E7F /* Project object */;
}
