// !$*UTF8*$!
{
	archiveVersion = 1;
	classes = {
	};
	objectVersion = 50;
	objects = {

/* Begin PBXBuildFile section */
		B48C9FD824A8AE5500365E7F /* AppDelegate.swift in Sources */ = {isa = PBXBuildFile; fileRef = B48C9FD724A8AE5500365E7F /* AppDelegate.swift */; };
		B48C9FDA24A8AE5500365E7F /* SceneDelegate.swift in Sources */ = {isa = PBXBuildFile; fileRef = B48C9FD924A8AE5500365E7F /* SceneDelegate.swift */; };
		B48C9FDC24A8AE5500365E7F /* ViewController.swift in Sources */ = {isa = PBXBuildFile; fileRef = B48C9FDB24A8AE5500365E7F /* ViewController.swift */; };
		B48C9FDF24A8AE5500365E7F /* Main.storyboard in Resources */ = {isa = PBXBuildFile; fileRef = B48C9FDD24A8AE5500365E7F /* Main.storyboard */; };
		B48C9FE124A8AE5A00365E7F /* Assets.xcassets in Resources */ = {isa = PBXBuildFile; fileRef = B48C9FE024A8AE5A00365E7F /* Assets.xcassets */; };
		B48C9FE424A8AE5A00365E7F /* LaunchScreen.storyboard in Resources */ = {isa = PBXBuildFile; fileRef = B48C9FE224A8AE5A00365E7F /* LaunchScreen.storyboard */; };
		B48C9FEF24A8AE5A00365E7F /* Exercise2Tests.swift in Sources */ = {isa = PBXBuildFile; fileRef = B48C9FEE24A8AE5A00365E7F /* Exercise2Tests.swift */; };
		B48C9FFA24A8AE5A00365E7F /* Exercise2UITests.swift in Sources */ = {isa = PBXBuildFile; fileRef = B48C9FF924A8AE5A00365E7F /* Exercise2UITests.swift */; };
/* End PBXBuildFile section */

/* Begin PBXContainerItemProxy section */
		B48C9FEB24A8AE5A00365E7F /* PBXContainerItemProxy */ = {
			isa = PBXContainerItemProxy;
			containerPortal = B48C9FCC24A8AE5500365E7F /* Project object */;
			proxyType = 1;
			remoteGlobalIDString = B48C9FD324A8AE5500365E7F;
			remoteInfo = Exercise2;
		};
		B48C9FF624A8AE5A00365E7F /* PBXContainerItemProxy */ = {
			isa = PBXContainerItemProxy;
			containerPortal = B48C9FCC24A8AE5500365E7F /* Project object */;
			proxyType = 1;
			remoteGlobalIDString = B48C9FD324A8AE5500365E7F;
			remoteInfo = Exercise2;
		};
/* End PBXContainerItemProxy section */

/* Begin PBXFileReference section */
		B48C9FD424A8AE5500365E7F /* Exercise2.app */ = {isa = PBXFileReference; explicitFileType = wrapper.application; includeInIndex = 0; path = Exercise2.app; sourceTree = BUILT_PRODUCTS_DIR; };
		B48C9FD724A8AE5500365E7F /* AppDelegate.swift */ = {isa = PBXFileReference; lastKnownFileType = sourcecode.swift; path = AppDelegate.swift; sourceTree = "<group>"; };
		B48C9FD924A8AE5500365E7F /* SceneDelegate.swift */ = {isa = PBXFileReference; lastKnownFileType = sourcecode.swift; path = SceneDelegate.swift; sourceTree = "<group>"; };
		B48C9FDB24A8AE5500365E7F /* ViewController.swift */ = {isa = PBXFileReference; lastKnownFileType = sourcecode.swift; path = ViewController.swift; sourceTree = "<group>"; };
		B48C9FDE24A8AE5500365E7F /* Base */ = {isa = PBXFileReference; lastKnownFileType = file.storyboard; name = Base; path = Base.lproj/Main.storyboard; sourceTree = "<group>"; };
		B48C9FE024A8AE5A00365E7F /* Assets.xcassets */ = {isa = PBXFileReference; lastKnownFileType = folder.assetcatalog; path = Assets.xcassets; sourceTree = "<group>"; };
		B48C9FE324A8AE5A00365E7F /* Base */ = {isa = PBXFileReference; lastKnownFileType = file.storyboard; name = Base; path = Base.lproj/LaunchScreen.storyboard; sourceTree = "<group>"; };
		B48C9FE524A8AE5A00365E7F /* Info.plist */ = {isa = PBXFileReference; lastKnownFileType = text.plist.xml; path = Info.plist; sourceTree = "<group>"; };
		B48C9FEA24A8AE5A00365E7F /* Exercise2Tests.xctest */ = {isa = PBXFileReference; explicitFileType = wrapper.cfbundle; includeInIndex = 0; path = Exercise2Tests.xctest; sourceTree = BUILT_PRODUCTS_DIR; };
		B48C9FEE24A8AE5A00365E7F /* Exercise2Tests.swift */ = {isa = PBXFileReference; lastKnownFileType = sourcecode.swift; path = Exercise2Tests.swift; sourceTree = "<group>"; };
		B48C9FF024A8AE5A00365E7F /* Info.plist */ = {isa = PBXFileReference; lastKnownFileType = text.plist.xml; path = Info.plist; sourceTree = "<group>"; };
		B48C9FF524A8AE5A00365E7F /* Exercise2UITests.xctest */ = {isa = PBXFileReference; explicitFileType = wrapper.cfbundle; includeInIndex = 0; path = Exercise2UITests.xctest; sourceTree = BUILT_PRODUCTS_DIR; };
		B48C9FF924A8AE5A00365E7F /* Exercise2UITests.swift */ = {isa = PBXFileReference; lastKnownFileType = sourcecode.swift; path = Exercise2UITests.swift; sourceTree = "<group>"; };
		B48C9FFB24A8AE5A00365E7F /* Info.plist */ = {isa = PBXFileReference; lastKnownFileType = text.plist.xml; path = Info.plist; sourceTree = "<group>"; };
/* End PBXFileReference section */

/* Begin PBXFrameworksBuildPhase section */
		B48C9FD124A8AE5500365E7F /* Frameworks */ = {
			isa = PBXFrameworksBuildPhase;
			buildActionMask = 2147483647;
			files = (
			);
			runOnlyForDeploymentPostprocessing = 0;
		};
		B48C9FE724A8AE5A00365E7F /* Frameworks */ = {
			isa = PBXFrameworksBuildPhase;
			buildActionMask = 2147483647;
			files = (
			);
			runOnlyForDeploymentPostprocessing = 0;
		};
		B48C9FF224A8AE5A00365E7F /* Frameworks */ = {
			isa = PBXFrameworksBuildPhase;
			buildActionMask = 2147483647;
			files = (
			);
			runOnlyForDeploymentPostprocessing = 0;
		};
/* End PBXFrameworksBuildPhase section */

/* Begin PBXGroup section */
		B48C9FCB24A8AE5500365E7F = {
			isa = PBXGroup;
			children = (
				B48C9FD624A8AE5500365E7F /* Exercise2 */,
				B48C9FED24A8AE5A00365E7F /* Exercise2Tests */,
				B48C9FF824A8AE5A00365E7F /* Exercise2UITests */,
				B48C9FD524A8AE5500365E7F /* Products */,
			);
			sourceTree = "<group>";
		};
		B48C9FD524A8AE5500365E7F /* Products */ = {
			isa = PBXGroup;
			children = (
				B48C9FD424A8AE5500365E7F /* Exercise2.app */,
				B48C9FEA24A8AE5A00365E7F /* Exercise2Tests.xctest */,
				B48C9FF524A8AE5A00365E7F /* Exercise2UITests.xctest */,
			);
			name = Products;
			sourceTree = "<group>";
		};
		B48C9FD624A8AE5500365E7F /* Exercise2 */ = {
			isa = PBXGroup;
			children = (
				B48C9FD724A8AE5500365E7F /* AppDelegate.swift */,
				B48C9FD924A8AE5500365E7F /* SceneDelegate.swift */,
				B48C9FDB24A8AE5500365E7F /* ViewController.swift */,
				B48C9FDD24A8AE5500365E7F /* Main.storyboard */,
				B48C9FE024A8AE5A00365E7F /* Assets.xcassets */,
				B48C9FE224A8AE5A00365E7F /* LaunchScreen.storyboard */,
				B48C9FE524A8AE5A00365E7F /* Info.plist */,
			);
			path = Exercise2;
			sourceTree = "<group>";
		};
		B48C9FED24A8AE5A00365E7F /* Exercise2Tests */ = {
			isa = PBXGroup;
			children = (
				B48C9FEE24A8AE5A00365E7F /* Exercise2Tests.swift */,
				B48C9FF024A8AE5A00365E7F /* Info.plist */,
			);
			path = Exercise2Tests;
			sourceTree = "<group>";
		};
		B48C9FF824A8AE5A00365E7F /* Exercise2UITests */ = {
			isa = PBXGroup;
			children = (
				B48C9FF924A8AE5A00365E7F /* Exercise2UITests.swift */,
				B48C9FFB24A8AE5A00365E7F /* Info.plist */,
			);
			path = Exercise2UITests;
			sourceTree = "<group>";
		};
/* End PBXGroup section */

/* Begin PBXNativeTarget section */
		B48C9FD324A8AE5500365E7F /* Exercise2 */ = {
			isa = PBXNativeTarget;
			buildConfigurationList = B48C9FFE24A8AE5A00365E7F /* Build configuration list for PBXNativeTarget "Exercise2" */;
			buildPhases = (
				B48C9FD024A8AE5500365E7F /* Sources */,
				B48C9FD124A8AE5500365E7F /* Frameworks */,
				B48C9FD224A8AE5500365E7F /* Resources */,
			);
			buildRules = (
			);
			dependencies = (
			);
			name = Exercise2;
			productName = Exercise2;
			productReference = B48C9FD424A8AE5500365E7F /* Exercise2.app */;
			productType = "com.apple.product-type.application";
		};
		B48C9FE924A8AE5A00365E7F /* Exercise2Tests */ = {
			isa = PBXNativeTarget;
			buildConfigurationList = B48CA00124A8AE5A00365E7F /* Build configuration list for PBXNativeTarget "Exercise2Tests" */;
			buildPhases = (
				B48C9FE624A8AE5A00365E7F /* Sources */,
				B48C9FE724A8AE5A00365E7F /* Frameworks */,
				B48C9FE824A8AE5A00365E7F /* Resources */,
			);
			buildRules = (
			);
			dependencies = (
				B48C9FEC24A8AE5A00365E7F /* PBXTargetDependency */,
			);
			name = Exercise2Tests;
			productName = Exercise2Tests;
			productReference = B48C9FEA24A8AE5A00365E7F /* Exercise2Tests.xctest */;
			productType = "com.apple.product-type.bundle.unit-test";
		};
		B48C9FF424A8AE5A00365E7F /* Exercise2UITests */ = {
			isa = PBXNativeTarget;
			buildConfigurationList = B48CA00424A8AE5A00365E7F /* Build configuration list for PBXNativeTarget "Exercise2UITests" */;
			buildPhases = (
				B48C9FF124A8AE5A00365E7F /* Sources */,
				B48C9FF224A8AE5A00365E7F /* Frameworks */,
				B48C9FF324A8AE5A00365E7F /* Resources */,
			);
			buildRules = (
			);
			dependencies = (
				B48C9FF724A8AE5A00365E7F /* PBXTargetDependency */,
			);
			name = Exercise2UITests;
			productName = Exercise2UITests;
			productReference = B48C9FF524A8AE5A00365E7F /* Exercise2UITests.xctest */;
			productType = "com.apple.product-type.bundle.ui-testing";
		};
/* End PBXNativeTarget section */

/* Begin PBXProject section */
		B48C9FCC24A8AE5500365E7F /* Project object */ = {
			isa = PBXProject;
			attributes = {
				LastSwiftUpdateCheck = 1150;
				LastUpgradeCheck = 1150;
				ORGANIZATIONNAME = Shalabh;
				TargetAttributes = {
					B48C9FD324A8AE5500365E7F = {
						CreatedOnToolsVersion = 11.5;
					};
					B48C9FE924A8AE5A00365E7F = {
						CreatedOnToolsVersion = 11.5;
						TestTargetID = B48C9FD324A8AE5500365E7F;
					};
					B48C9FF424A8AE5A00365E7F = {
						CreatedOnToolsVersion = 11.5;
						TestTargetID = B48C9FD324A8AE5500365E7F;
					};
				};
			};
			buildConfigurationList = B48C9FCF24A8AE5500365E7F /* Build configuration list for PBXProject "Exercise2" */;
			compatibilityVersion = "Xcode 9.3";
			developmentRegion = en;
			hasScannedForEncodings = 0;
			knownRegions = (
				en,
				Base,
			);
			mainGroup = B48C9FCB24A8AE5500365E7F;
			productRefGroup = B48C9FD524A8AE5500365E7F /* Products */;
			projectDirPath = "";
			projectRoot = "";
			targets = (
				B48C9FD324A8AE5500365E7F /* Exercise2 */,
				B48C9FE924A8AE5A00365E7F /* Exercise2Tests */,
				B48C9FF424A8AE5A00365E7F /* Exercise2UITests */,
			);
		};
/* End PBXProject section */

/* Begin PBXResourcesBuildPhase section */
		B48C9FD224A8AE5500365E7F /* Resources */ = {
			isa = PBXResourcesBuildPhase;
			buildActionMask = 2147483647;
			files = (
				B48C9FE424A8AE5A00365E7F /* LaunchScreen.storyboard in Resources */,
				B48C9FE124A8AE5A00365E7F /* Assets.xcassets in Resources */,
				B48C9FDF24A8AE5500365E7F /* Main.storyboard in Resources */,
			);
			runOnlyForDeploymentPostprocessing = 0;
		};
		B48C9FE824A8AE5A00365E7F /* Resources */ = {
			isa = PBXResourcesBuildPhase;
			buildActionMask = 2147483647;
			files = (
			);
			runOnlyForDeploymentPostprocessing = 0;
		};
		B48C9FF324A8AE5A00365E7F /* Resources */ = {
			isa = PBXResourcesBuildPhase;
			buildActionMask = 2147483647;
			files = (
			);
			runOnlyForDeploymentPostprocessing = 0;
		};
/* End PBXResourcesBuildPhase section */

/* Begin PBXSourcesBuildPhase section */
		B48C9FD024A8AE5500365E7F /* Sources */ = {
			isa = PBXSourcesBuildPhase;
			buildActionMask = 2147483647;
			files = (
				B48C9FDC24A8AE5500365E7F /* ViewController.swift in Sources */,
				B48C9FD824A8AE5500365E7F /* AppDelegate.swift in Sources */,
				B48C9FDA24A8AE5500365E7F /* SceneDelegate.swift in Sources */,
			);
			runOnlyForDeploymentPostprocessing = 0;
		};
		B48C9FE624A8AE5A00365E7F /* Sources */ = {
			isa = PBXSourcesBuildPhase;
			buildActionMask = 2147483647;
			files = (
				B48C9FEF24A8AE5A00365E7F /* Exercise2Tests.swift in Sources */,
			);
			runOnlyForDeploymentPostprocessing = 0;
		};
		B48C9FF124A8AE5A00365E7F /* Sources */ = {
			isa = PBXSourcesBuildPhase;
			buildActionMask = 2147483647;
			files = (
				B48C9FFA24A8AE5A00365E7F /* Exercise2UITests.swift in Sources */,
			);
			runOnlyForDeploymentPostprocessing = 0;
		};
/* End PBXSourcesBuildPhase section */

/* Begin PBXTargetDependency section */
		B48C9FEC24A8AE5A00365E7F /* PBXTargetDependency */ = {
			isa = PBXTargetDependency;
			target = B48C9FD324A8AE5500365E7F /* Exercise2 */;
			targetProxy = B48C9FEB24A8AE5A00365E7F /* PBXContainerItemProxy */;
		};
		B48C9FF724A8AE5A00365E7F /* PBXTargetDependency */ = {
			isa = PBXTargetDependency;
			target = B48C9FD324A8AE5500365E7F /* Exercise2 */;
			targetProxy = B48C9FF624A8AE5A00365E7F /* PBXContainerItemProxy */;
		};
/* End PBXTargetDependency section */

/* Begin PBXVariantGroup section */
		B48C9FDD24A8AE5500365E7F /* Main.storyboard */ = {
			isa = PBXVariantGroup;
			children = (
				B48C9FDE24A8AE5500365E7F /* Base */,
			);
			name = Main.storyboard;
			sourceTree = "<group>";
		};
		B48C9FE224A8AE5A00365E7F /* LaunchScreen.storyboard */ = {
			isa = PBXVariantGroup;
			children = (
				B48C9FE324A8AE5A00365E7F /* Base */,
			);
			name = LaunchScreen.storyboard;
			sourceTree = "<group>";
		};
/* End PBXVariantGroup section */

/* Begin XCBuildConfiguration section */
		B48C9FFC24A8AE5A00365E7F /* Debug */ = {
			isa = XCBuildConfiguration;
			buildSettings = {
				ALWAYS_SEARCH_USER_PATHS = NO;
				CLANG_ANALYZER_NONNULL = YES;
				CLANG_ANALYZER_NUMBER_OBJECT_CONVERSION = YES_AGGRESSIVE;
				CLANG_CXX_LANGUAGE_STANDARD = "gnu++14";
				CLANG_CXX_LIBRARY = "libc++";
				CLANG_ENABLE_MODULES = YES;
				CLANG_ENABLE_OBJC_ARC = YES;
				CLANG_ENABLE_OBJC_WEAK = YES;
				CLANG_WARN_BLOCK_CAPTURE_AUTORELEASING = YES;
				CLANG_WARN_BOOL_CONVERSION = YES;
				CLANG_WARN_COMMA = YES;
				CLANG_WARN_CONSTANT_CONVERSION = YES;
				CLANG_WARN_DEPRECATED_OBJC_IMPLEMENTATIONS = YES;
				CLANG_WARN_DIRECT_OBJC_ISA_USAGE = YES_ERROR;
				CLANG_WARN_DOCUMENTATION_COMMENTS = YES;
				CLANG_WARN_EMPTY_BODY = YES;
				CLANG_WARN_ENUM_CONVERSION = YES;
				CLANG_WARN_INFINITE_RECURSION = YES;
				CLANG_WARN_INT_CONVERSION = YES;
				CLANG_WARN_NON_LITERAL_NULL_CONVERSION = YES;
				CLANG_WARN_OBJC_IMPLICIT_RETAIN_SELF = YES;
				CLANG_WARN_OBJC_LITERAL_CONVERSION = YES;
				CLANG_WARN_OBJC_ROOT_CLASS = YES_ERROR;
				CLANG_WARN_RANGE_LOOP_ANALYSIS = YES;
				CLANG_WARN_STRICT_PROTOTYPES = YES;
				CLANG_WARN_SUSPICIOUS_MOVE = YES;
				CLANG_WARN_UNGUARDED_AVAILABILITY = YES_AGGRESSIVE;
				CLANG_WARN_UNREACHABLE_CODE = YES;
				CLANG_WARN__DUPLICATE_METHOD_MATCH = YES;
				COPY_PHASE_STRIP = NO;
				DEBUG_INFORMATION_FORMAT = dwarf;
				ENABLE_STRICT_OBJC_MSGSEND = YES;
				ENABLE_TESTABILITY = YES;
				GCC_C_LANGUAGE_STANDARD = gnu11;
				GCC_DYNAMIC_NO_PIC = NO;
				GCC_NO_COMMON_BLOCKS = YES;
				GCC_OPTIMIZATION_LEVEL = 0;
				GCC_PREPROCESSOR_DEFINITIONS = (
					"DEBUG=1",
					"$(inherited)",
				);
				GCC_WARN_64_TO_32_BIT_CONVERSION = YES;
				GCC_WARN_ABOUT_RETURN_TYPE = YES_ERROR;
				GCC_WARN_UNDECLARED_SELECTOR = YES;
				GCC_WARN_UNINITIALIZED_AUTOS = YES_AGGRESSIVE;
				GCC_WARN_UNUSED_FUNCTION = YES;
				GCC_WARN_UNUSED_VARIABLE = YES;
				IPHONEOS_DEPLOYMENT_TARGET = 13.5;
				MTL_ENABLE_DEBUG_INFO = INCLUDE_SOURCE;
				MTL_FAST_MATH = YES;
				ONLY_ACTIVE_ARCH = YES;
				SDKROOT = iphoneos;
				SWIFT_ACTIVE_COMPILATION_CONDITIONS = DEBUG;
				SWIFT_OPTIMIZATION_LEVEL = "-Onone";
			};
			name = Debug;
		};
		B48C9FFD24A8AE5A00365E7F /* Release */ = {
			isa = XCBuildConfiguration;
			buildSettings = {
				ALWAYS_SEARCH_USER_PATHS = NO;
				CLANG_ANALYZER_NONNULL = YES;
				CLANG_ANALYZER_NUMBER_OBJECT_CONVERSION = YES_AGGRESSIVE;
				CLANG_CXX_LANGUAGE_STANDARD = "gnu++14";
				CLANG_CXX_LIBRARY = "libc++";
				CLANG_ENABLE_MODULES = YES;
				CLANG_ENABLE_OBJC_ARC = YES;
				CLANG_ENABLE_OBJC_WEAK = YES;
				CLANG_WARN_BLOCK_CAPTURE_AUTORELEASING = YES;
				CLANG_WARN_BOOL_CONVERSION = YES;
				CLANG_WARN_COMMA = YES;
				CLANG_WARN_CONSTANT_CONVERSION = YES;
				CLANG_WARN_DEPRECATED_OBJC_IMPLEMENTATIONS = YES;
				CLANG_WARN_DIRECT_OBJC_ISA_USAGE = YES_ERROR;
				CLANG_WARN_DOCUMENTATION_COMMENTS = YES;
				CLANG_WARN_EMPTY_BODY = YES;
				CLANG_WARN_ENUM_CONVERSION = YES;
				CLANG_WARN_INFINITE_RECURSION = YES;
				CLANG_WARN_INT_CONVERSION = YES;
				CLANG_WARN_NON_LITERAL_NULL_CONVERSION = YES;
				CLANG_WARN_OBJC_IMPLICIT_RETAIN_SELF = YES;
				CLANG_WARN_OBJC_LITERAL_CONVERSION = YES;
				CLANG_WARN_OBJC_ROOT_CLASS = YES_ERROR;
				CLANG_WARN_RANGE_LOOP_ANALYSIS = YES;
				CLANG_WARN_STRICT_PROTOTYPES = YES;
				CLANG_WARN_SUSPICIOUS_MOVE = YES;
				CLANG_WARN_UNGUARDED_AVAILABILITY = YES_AGGRESSIVE;
				CLANG_WARN_UNREACHABLE_CODE = YES;
				CLANG_WARN__DUPLICATE_METHOD_MATCH = YES;
				COPY_PHASE_STRIP = NO;
				DEBUG_INFORMATION_FORMAT = "dwarf-with-dsym";
				ENABLE_NS_ASSERTIONS = NO;
				ENABLE_STRICT_OBJC_MSGSEND = YES;
				GCC_C_LANGUAGE_STANDARD = gnu11;
				GCC_NO_COMMON_BLOCKS = YES;
				GCC_WARN_64_TO_32_BIT_CONVERSION = YES;
				GCC_WARN_ABOUT_RETURN_TYPE = YES_ERROR;
				GCC_WARN_UNDECLARED_SELECTOR = YES;
				GCC_WARN_UNINITIALIZED_AUTOS = YES_AGGRESSIVE;
				GCC_WARN_UNUSED_FUNCTION = YES;
				GCC_WARN_UNUSED_VARIABLE = YES;
				IPHONEOS_DEPLOYMENT_TARGET = 13.5;
				MTL_ENABLE_DEBUG_INFO = NO;
				MTL_FAST_MATH = YES;
				SDKROOT = iphoneos;
				SWIFT_COMPILATION_MODE = wholemodule;
				SWIFT_OPTIMIZATION_LEVEL = "-O";
				VALIDATE_PRODUCT = YES;
			};
			name = Release;
		};
		B48C9FFF24A8AE5A00365E7F /* Debug */ = {
			isa = XCBuildConfiguration;
			buildSettings = {
				ASSETCATALOG_COMPILER_APPICON_NAME = AppIcon;
				CODE_SIGN_STYLE = Automatic;
				DEVELOPMENT_TEAM = ZFW7FV368P;
				INFOPLIST_FILE = Exercise2/Info.plist;
				LD_RUNPATH_SEARCH_PATHS = (
					"$(inherited)",
					"@executable_path/Frameworks",
				);
				PRODUCT_BUNDLE_IDENTIFIER = com.hardik.Exercise2;
				PRODUCT_NAME = "$(TARGET_NAME)";
				SWIFT_VERSION = 5.0;
				TARGETED_DEVICE_FAMILY = "1,2";
			};
			name = Debug;
		};
		B48CA00024A8AE5A00365E7F /* Release */ = {
			isa = XCBuildConfiguration;
			buildSettings = {
				ASSETCATALOG_COMPILER_APPICON_NAME = AppIcon;
				CODE_SIGN_STYLE = Automatic;
				DEVELOPMENT_TEAM = ZFW7FV368P;
				INFOPLIST_FILE = Exercise2/Info.plist;
				LD_RUNPATH_SEARCH_PATHS = (
					"$(inherited)",
					"@executable_path/Frameworks",
				);
				PRODUCT_BUNDLE_IDENTIFIER = com.hardik.Exercise2;
				PRODUCT_NAME = "$(TARGET_NAME)";
				SWIFT_VERSION = 5.0;
				TARGETED_DEVICE_FAMILY = "1,2";
			};
			name = Release;
		};
		B48CA00224A8AE5A00365E7F /* Debug */ = {
			isa = XCBuildConfiguration;
			buildSettings = {
				ALWAYS_EMBED_SWIFT_STANDARD_LIBRARIES = YES;
				BUNDLE_LOADER = "$(TEST_HOST)";
				CODE_SIGN_STYLE = Automatic;
				DEVELOPMENT_TEAM = ZFW7FV368P;
				INFOPLIST_FILE = Exercise2Tests/Info.plist;
				IPHONEOS_DEPLOYMENT_TARGET = 13.5;
				LD_RUNPATH_SEARCH_PATHS = (
					"$(inherited)",
					"@executable_path/Frameworks",
					"@loader_path/Frameworks",
				);
				PRODUCT_BUNDLE_IDENTIFIER = com.hardik.Exercise2Tests;
				PRODUCT_NAME = "$(TARGET_NAME)";
				SWIFT_VERSION = 5.0;
				TARGETED_DEVICE_FAMILY = "1,2";
				TEST_HOST = "$(BUILT_PRODUCTS_DIR)/Exercise2.app/Exercise2";
			};
			name = Debug;
		};
		B48CA00324A8AE5A00365E7F /* Release */ = {
			isa = XCBuildConfiguration;
			buildSettings = {
				ALWAYS_EMBED_SWIFT_STANDARD_LIBRARIES = YES;
				BUNDLE_LOADER = "$(TEST_HOST)";
				CODE_SIGN_STYLE = Automatic;
				DEVELOPMENT_TEAM = ZFW7FV368P;
				INFOPLIST_FILE = Exercise2Tests/Info.plist;
				IPHONEOS_DEPLOYMENT_TARGET = 13.5;
				LD_RUNPATH_SEARCH_PATHS = (
					"$(inherited)",
					"@executable_path/Frameworks",
					"@loader_path/Frameworks",
				);
				PRODUCT_BUNDLE_IDENTIFIER = com.hardik.Exercise2Tests;
				PRODUCT_NAME = "$(TARGET_NAME)";
				SWIFT_VERSION = 5.0;
				TARGETED_DEVICE_FAMILY = "1,2";
				TEST_HOST = "$(BUILT_PRODUCTS_DIR)/Exercise2.app/Exercise2";
			};
			name = Release;
		};
		B48CA00524A8AE5A00365E7F /* Debug */ = {
			isa = XCBuildConfiguration;
			buildSettings = {
				ALWAYS_EMBED_SWIFT_STANDARD_LIBRARIES = YES;
				CODE_SIGN_STYLE = Automatic;
				DEVELOPMENT_TEAM = ZFW7FV368P;
				INFOPLIST_FILE = Exercise2UITests/Info.plist;
				LD_RUNPATH_SEARCH_PATHS = (
					"$(inherited)",
					"@executable_path/Frameworks",
					"@loader_path/Frameworks",
				);
				PRODUCT_BUNDLE_IDENTIFIER = com.hardik.Exercise2UITests;
				PRODUCT_NAME = "$(TARGET_NAME)";
				SWIFT_VERSION = 5.0;
				TARGETED_DEVICE_FAMILY = "1,2";
				TEST_TARGET_NAME = Exercise2;
			};
			name = Debug;
		};
		B48CA00624A8AE5A00365E7F /* Release */ = {
			isa = XCBuildConfiguration;
			buildSettings = {
				ALWAYS_EMBED_SWIFT_STANDARD_LIBRARIES = YES;
				CODE_SIGN_STYLE = Automatic;
				DEVELOPMENT_TEAM = ZFW7FV368P;
				INFOPLIST_FILE = Exercise2UITests/Info.plist;
				LD_RUNPATH_SEARCH_PATHS = (
					"$(inherited)",
					"@executable_path/Frameworks",
					"@loader_path/Frameworks",
				);
				PRODUCT_BUNDLE_IDENTIFIER = com.hardik.Exercise2UITests;
				PRODUCT_NAME = "$(TARGET_NAME)";
				SWIFT_VERSION = 5.0;
				TARGETED_DEVICE_FAMILY = "1,2";
				TEST_TARGET_NAME = Exercise2;
			};
			name = Release;
		};
/* End XCBuildConfiguration section */

/* Begin XCConfigurationList section */
		B48C9FCF24A8AE5500365E7F /* Build configuration list for PBXProject "Exercise2" */ = {
			isa = XCConfigurationList;
			buildConfigurations = (
				B48C9FFC24A8AE5A00365E7F /* Debug */,
				B48C9FFD24A8AE5A00365E7F /* Release */,
			);
			defaultConfigurationIsVisible = 0;
			defaultConfigurationName = Release;
		};
		B48C9FFE24A8AE5A00365E7F /* Build configuration list for PBXNativeTarget "Exercise2" */ = {
			isa = XCConfigurationList;
			buildConfigurations = (
				B48C9FFF24A8AE5A00365E7F /* Debug */,
				B48CA00024A8AE5A00365E7F /* Release */,
			);
			defaultConfigurationIsVisible = 0;
			defaultConfigurationName = Release;
		};
		B48CA00124A8AE5A00365E7F /* Build configuration list for PBXNativeTarget "Exercise2Tests" */ = {
			isa = XCConfigurationList;
			buildConfigurations = (
				B48CA00224A8AE5A00365E7F /* Debug */,
				B48CA00324A8AE5A00365E7F /* Release */,
			);
			defaultConfigurationIsVisible = 0;
			defaultConfigurationName = Release;
		};
		B48CA00424A8AE5A00365E7F /* Build configuration list for PBXNativeTarget "Exercise2UITests" */ = {
			isa = XCConfigurationList;
			buildConfigurations = (
				B48CA00524A8AE5A00365E7F /* Debug */,
				B48CA00624A8AE5A00365E7F /* Release */,
			);
			defaultConfigurationIsVisible = 0;
			defaultConfigurationName = Release;
		};
/* End XCConfigurationList section */
	};
	rootObject = B48C9FCC24A8AE5500365E7F /* Project object */;
}
