// !$*UTF8*$!
{
	archiveVersion = 1;
	classes = {
	};
	objectVersion = 50;
	objects = {

/* Begin PBXBuildFile section */
		B48C9F2424A768AF00365E7F /* AppDelegate.swift in Sources */ = {isa = PBXBuildFile; fileRef = B48C9F2324A768AF00365E7F /* AppDelegate.swift */; };
		B48C9F2624A768AF00365E7F /* SceneDelegate.swift in Sources */ = {isa = PBXBuildFile; fileRef = B48C9F2524A768AF00365E7F /* SceneDelegate.swift */; };
		B48C9F2824A768AF00365E7F /* ContentView.swift in Sources */ = {isa = PBXBuildFile; fileRef = B48C9F2724A768AF00365E7F /* ContentView.swift */; };
		B48C9F2A24A768B800365E7F /* Assets.xcassets in Resources */ = {isa = PBXBuildFile; fileRef = B48C9F2924A768B800365E7F /* Assets.xcassets */; };
		B48C9F2D24A768B800365E7F /* Preview Assets.xcassets in Resources */ = {isa = PBXBuildFile; fileRef = B48C9F2C24A768B800365E7F /* Preview Assets.xcassets */; };
		B48C9F3024A768B800365E7F /* LaunchScreen.storyboard in Resources */ = {isa = PBXBuildFile; fileRef = B48C9F2E24A768B800365E7F /* LaunchScreen.storyboard */; };
		B48C9F3B24A768B800365E7F /* Hello_WorldTests.swift in Sources */ = {isa = PBXBuildFile; fileRef = B48C9F3A24A768B800365E7F /* Hello_WorldTests.swift */; };
		B48C9F4624A768B800365E7F /* Hello_WorldUITests.swift in Sources */ = {isa = PBXBuildFile; fileRef = B48C9F4524A768B800365E7F /* Hello_WorldUITests.swift */; };
/* End PBXBuildFile section */

/* Begin PBXContainerItemProxy section */
		B48C9F3724A768B800365E7F /* PBXContainerItemProxy */ = {
			isa = PBXContainerItemProxy;
			containerPortal = B48C9F1824A768AF00365E7F /* Project object */;
			proxyType = 1;
			remoteGlobalIDString = B48C9F1F24A768AF00365E7F;
			remoteInfo = "Hello World";
		};
		B48C9F4224A768B800365E7F /* PBXContainerItemProxy */ = {
			isa = PBXContainerItemProxy;
			containerPortal = B48C9F1824A768AF00365E7F /* Project object */;
			proxyType = 1;
			remoteGlobalIDString = B48C9F1F24A768AF00365E7F;
			remoteInfo = "Hello World";
		};
/* End PBXContainerItemProxy section */

/* Begin PBXFileReference section */
		B48C9F2024A768AF00365E7F /* Hello World.app */ = {isa = PBXFileReference; explicitFileType = wrapper.application; includeInIndex = 0; path = "Hello World.app"; sourceTree = BUILT_PRODUCTS_DIR; };
		B48C9F2324A768AF00365E7F /* AppDelegate.swift */ = {isa = PBXFileReference; lastKnownFileType = sourcecode.swift; path = AppDelegate.swift; sourceTree = "<group>"; };
		B48C9F2524A768AF00365E7F /* SceneDelegate.swift */ = {isa = PBXFileReference; lastKnownFileType = sourcecode.swift; path = SceneDelegate.swift; sourceTree = "<group>"; };
		B48C9F2724A768AF00365E7F /* ContentView.swift */ = {isa = PBXFileReference; lastKnownFileType = sourcecode.swift; path = ContentView.swift; sourceTree = "<group>"; };
		B48C9F2924A768B800365E7F /* Assets.xcassets */ = {isa = PBXFileReference; lastKnownFileType = folder.assetcatalog; path = Assets.xcassets; sourceTree = "<group>"; };
		B48C9F2C24A768B800365E7F /* Preview Assets.xcassets */ = {isa = PBXFileReference; lastKnownFileType = folder.assetcatalog; path = "Preview Assets.xcassets"; sourceTree = "<group>"; };
		B48C9F2F24A768B800365E7F /* Base */ = {isa = PBXFileReference; lastKnownFileType = file.storyboard; name = Base; path = Base.lproj/LaunchScreen.storyboard; sourceTree = "<group>"; };
		B48C9F3124A768B800365E7F /* Info.plist */ = {isa = PBXFileReference; lastKnownFileType = text.plist.xml; path = Info.plist; sourceTree = "<group>"; };
		B48C9F3624A768B800365E7F /* Hello WorldTests.xctest */ = {isa = PBXFileReference; explicitFileType = wrapper.cfbundle; includeInIndex = 0; path = "Hello WorldTests.xctest"; sourceTree = BUILT_PRODUCTS_DIR; };
		B48C9F3A24A768B800365E7F /* Hello_WorldTests.swift */ = {isa = PBXFileReference; lastKnownFileType = sourcecode.swift; path = Hello_WorldTests.swift; sourceTree = "<group>"; };
		B48C9F3C24A768B800365E7F /* Info.plist */ = {isa = PBXFileReference; lastKnownFileType = text.plist.xml; path = Info.plist; sourceTree = "<group>"; };
		B48C9F4124A768B800365E7F /* Hello WorldUITests.xctest */ = {isa = PBXFileReference; explicitFileType = wrapper.cfbundle; includeInIndex = 0; path = "Hello WorldUITests.xctest"; sourceTree = BUILT_PRODUCTS_DIR; };
		B48C9F4524A768B800365E7F /* Hello_WorldUITests.swift */ = {isa = PBXFileReference; lastKnownFileType = sourcecode.swift; path = Hello_WorldUITests.swift; sourceTree = "<group>"; };
		B48C9F4724A768B800365E7F /* Info.plist */ = {isa = PBXFileReference; lastKnownFileType = text.plist.xml; path = Info.plist; sourceTree = "<group>"; };
/* End PBXFileReference section */

/* Begin PBXFrameworksBuildPhase section */
		B48C9F1D24A768AF00365E7F /* Frameworks */ = {
			isa = PBXFrameworksBuildPhase;
			buildActionMask = 2147483647;
			files = (
			);
			runOnlyForDeploymentPostprocessing = 0;
		};
		B48C9F3324A768B800365E7F /* Frameworks */ = {
			isa = PBXFrameworksBuildPhase;
			buildActionMask = 2147483647;
			files = (
			);
			runOnlyForDeploymentPostprocessing = 0;
		};
		B48C9F3E24A768B800365E7F /* Frameworks */ = {
			isa = PBXFrameworksBuildPhase;
			buildActionMask = 2147483647;
			files = (
			);
			runOnlyForDeploymentPostprocessing = 0;
		};
/* End PBXFrameworksBuildPhase section */

/* Begin PBXGroup section */
		B48C9F1724A768AF00365E7F = {
			isa = PBXGroup;
			children = (
				B48C9F2224A768AF00365E7F /* Hello World */,
				B48C9F3924A768B800365E7F /* Hello WorldTests */,
				B48C9F4424A768B800365E7F /* Hello WorldUITests */,
				B48C9F2124A768AF00365E7F /* Products */,
			);
			sourceTree = "<group>";
		};
		B48C9F2124A768AF00365E7F /* Products */ = {
			isa = PBXGroup;
			children = (
				B48C9F2024A768AF00365E7F /* Hello World.app */,
				B48C9F3624A768B800365E7F /* Hello WorldTests.xctest */,
				B48C9F4124A768B800365E7F /* Hello WorldUITests.xctest */,
			);
			name = Products;
			sourceTree = "<group>";
		};
		B48C9F2224A768AF00365E7F /* Hello World */ = {
			isa = PBXGroup;
			children = (
				B48C9F2324A768AF00365E7F /* AppDelegate.swift */,
				B48C9F2524A768AF00365E7F /* SceneDelegate.swift */,
				B48C9F2724A768AF00365E7F /* ContentView.swift */,
				B48C9F2924A768B800365E7F /* Assets.xcassets */,
				B48C9F2E24A768B800365E7F /* LaunchScreen.storyboard */,
				B48C9F3124A768B800365E7F /* Info.plist */,
				B48C9F2B24A768B800365E7F /* Preview Content */,
			);
			path = "Hello World";
			sourceTree = "<group>";
		};
		B48C9F2B24A768B800365E7F /* Preview Content */ = {
			isa = PBXGroup;
			children = (
				B48C9F2C24A768B800365E7F /* Preview Assets.xcassets */,
			);
			path = "Preview Content";
			sourceTree = "<group>";
		};
		B48C9F3924A768B800365E7F /* Hello WorldTests */ = {
			isa = PBXGroup;
			children = (
				B48C9F3A24A768B800365E7F /* Hello_WorldTests.swift */,
				B48C9F3C24A768B800365E7F /* Info.plist */,
			);
			path = "Hello WorldTests";
			sourceTree = "<group>";
		};
		B48C9F4424A768B800365E7F /* Hello WorldUITests */ = {
			isa = PBXGroup;
			children = (
				B48C9F4524A768B800365E7F /* Hello_WorldUITests.swift */,
				B48C9F4724A768B800365E7F /* Info.plist */,
			);
			path = "Hello WorldUITests";
			sourceTree = "<group>";
		};
/* End PBXGroup section */

/* Begin PBXNativeTarget section */
		B48C9F1F24A768AF00365E7F /* Hello World */ = {
			isa = PBXNativeTarget;
			buildConfigurationList = B48C9F4A24A768B800365E7F /* Build configuration list for PBXNativeTarget "Hello World" */;
			buildPhases = (
				B48C9F1C24A768AF00365E7F /* Sources */,
				B48C9F1D24A768AF00365E7F /* Frameworks */,
				B48C9F1E24A768AF00365E7F /* Resources */,
			);
			buildRules = (
			);
			dependencies = (
			);
			name = "Hello World";
			productName = "Hello World";
			productReference = B48C9F2024A768AF00365E7F /* Hello World.app */;
			productType = "com.apple.product-type.application";
		};
		B48C9F3524A768B800365E7F /* Hello WorldTests */ = {
			isa = PBXNativeTarget;
			buildConfigurationList = B48C9F4D24A768B800365E7F /* Build configuration list for PBXNativeTarget "Hello WorldTests" */;
			buildPhases = (
				B48C9F3224A768B800365E7F /* Sources */,
				B48C9F3324A768B800365E7F /* Frameworks */,
				B48C9F3424A768B800365E7F /* Resources */,
			);
			buildRules = (
			);
			dependencies = (
				B48C9F3824A768B800365E7F /* PBXTargetDependency */,
			);
			name = "Hello WorldTests";
			productName = "Hello WorldTests";
			productReference = B48C9F3624A768B800365E7F /* Hello WorldTests.xctest */;
			productType = "com.apple.product-type.bundle.unit-test";
		};
		B48C9F4024A768B800365E7F /* Hello WorldUITests */ = {
			isa = PBXNativeTarget;
			buildConfigurationList = B48C9F5024A768B800365E7F /* Build configuration list for PBXNativeTarget "Hello WorldUITests" */;
			buildPhases = (
				B48C9F3D24A768B800365E7F /* Sources */,
				B48C9F3E24A768B800365E7F /* Frameworks */,
				B48C9F3F24A768B800365E7F /* Resources */,
			);
			buildRules = (
			);
			dependencies = (
				B48C9F4324A768B800365E7F /* PBXTargetDependency */,
			);
			name = "Hello WorldUITests";
			productName = "Hello WorldUITests";
			productReference = B48C9F4124A768B800365E7F /* Hello WorldUITests.xctest */;
			productType = "com.apple.product-type.bundle.ui-testing";
		};
/* End PBXNativeTarget section */

/* Begin PBXProject section */
		B48C9F1824A768AF00365E7F /* Project object */ = {
			isa = PBXProject;
			attributes = {
				LastSwiftUpdateCheck = 1150;
				LastUpgradeCheck = 1150;
				ORGANIZATIONNAME = Shalabh;
				TargetAttributes = {
					B48C9F1F24A768AF00365E7F = {
						CreatedOnToolsVersion = 11.5;
					};
					B48C9F3524A768B800365E7F = {
						CreatedOnToolsVersion = 11.5;
						TestTargetID = B48C9F1F24A768AF00365E7F;
					};
					B48C9F4024A768B800365E7F = {
						CreatedOnToolsVersion = 11.5;
						TestTargetID = B48C9F1F24A768AF00365E7F;
					};
				};
			};
			buildConfigurationList = B48C9F1B24A768AF00365E7F /* Build configuration list for PBXProject "Hello World" */;
			compatibilityVersion = "Xcode 9.3";
			developmentRegion = en;
			hasScannedForEncodings = 0;
			knownRegions = (
				en,
				Base,
			);
			mainGroup = B48C9F1724A768AF00365E7F;
			productRefGroup = B48C9F2124A768AF00365E7F /* Products */;
			projectDirPath = "";
			projectRoot = "";
			targets = (
				B48C9F1F24A768AF00365E7F /* Hello World */,
				B48C9F3524A768B800365E7F /* Hello WorldTests */,
				B48C9F4024A768B800365E7F /* Hello WorldUITests */,
			);
		};
/* End PBXProject section */

/* Begin PBXResourcesBuildPhase section */
		B48C9F1E24A768AF00365E7F /* Resources */ = {
			isa = PBXResourcesBuildPhase;
			buildActionMask = 2147483647;
			files = (
				B48C9F3024A768B800365E7F /* LaunchScreen.storyboard in Resources */,
				B48C9F2D24A768B800365E7F /* Preview Assets.xcassets in Resources */,
				B48C9F2A24A768B800365E7F /* Assets.xcassets in Resources */,
			);
			runOnlyForDeploymentPostprocessing = 0;
		};
		B48C9F3424A768B800365E7F /* Resources */ = {
			isa = PBXResourcesBuildPhase;
			buildActionMask = 2147483647;
			files = (
			);
			runOnlyForDeploymentPostprocessing = 0;
		};
		B48C9F3F24A768B800365E7F /* Resources */ = {
			isa = PBXResourcesBuildPhase;
			buildActionMask = 2147483647;
			files = (
			);
			runOnlyForDeploymentPostprocessing = 0;
		};
/* End PBXResourcesBuildPhase section */

/* Begin PBXSourcesBuildPhase section */
		B48C9F1C24A768AF00365E7F /* Sources */ = {
			isa = PBXSourcesBuildPhase;
			buildActionMask = 2147483647;
			files = (
				B48C9F2424A768AF00365E7F /* AppDelegate.swift in Sources */,
				B48C9F2624A768AF00365E7F /* SceneDelegate.swift in Sources */,
				B48C9F2824A768AF00365E7F /* ContentView.swift in Sources */,
			);
			runOnlyForDeploymentPostprocessing = 0;
		};
		B48C9F3224A768B800365E7F /* Sources */ = {
			isa = PBXSourcesBuildPhase;
			buildActionMask = 2147483647;
			files = (
				B48C9F3B24A768B800365E7F /* Hello_WorldTests.swift in Sources */,
			);
			runOnlyForDeploymentPostprocessing = 0;
		};
		B48C9F3D24A768B800365E7F /* Sources */ = {
			isa = PBXSourcesBuildPhase;
			buildActionMask = 2147483647;
			files = (
				B48C9F4624A768B800365E7F /* Hello_WorldUITests.swift in Sources */,
			);
			runOnlyForDeploymentPostprocessing = 0;
		};
/* End PBXSourcesBuildPhase section */

/* Begin PBXTargetDependency section */
		B48C9F3824A768B800365E7F /* PBXTargetDependency */ = {
			isa = PBXTargetDependency;
			target = B48C9F1F24A768AF00365E7F /* Hello World */;
			targetProxy = B48C9F3724A768B800365E7F /* PBXContainerItemProxy */;
		};
		B48C9F4324A768B800365E7F /* PBXTargetDependency */ = {
			isa = PBXTargetDependency;
			target = B48C9F1F24A768AF00365E7F /* Hello World */;
			targetProxy = B48C9F4224A768B800365E7F /* PBXContainerItemProxy */;
		};
/* End PBXTargetDependency section */

/* Begin PBXVariantGroup section */
		B48C9F2E24A768B800365E7F /* LaunchScreen.storyboard */ = {
			isa = PBXVariantGroup;
			children = (
				B48C9F2F24A768B800365E7F /* Base */,
			);
			name = LaunchScreen.storyboard;
			sourceTree = "<group>";
		};
/* End PBXVariantGroup section */

/* Begin XCBuildConfiguration section */
		B48C9F4824A768B800365E7F /* Debug */ = {
			isa = XCBuildConfiguration;
			buildSettings = {
				ALWAYS_SEARCH_USER_PATHS = NO;
				CLANG_ANALYZER_NONNULL = YES;
				CLANG_ANALYZER_NUMBER_OBJECT_CONVERSION = YES_AGGRESSIVE;
				CLANG_CXX_LANGUAGE_STANDARD = "gnu++14";
				CLANG_CXX_LIBRARY = "libc++";
				CLANG_ENABLE_MODULES = YES;
				CLANG_ENABLE_OBJC_ARC = YES;
				CLANG_ENABLE_OBJC_WEAK = YES;
				CLANG_WARN_BLOCK_CAPTURE_AUTORELEASING = YES;
				CLANG_WARN_BOOL_CONVERSION = YES;
				CLANG_WARN_COMMA = YES;
				CLANG_WARN_CONSTANT_CONVERSION = YES;
				CLANG_WARN_DEPRECATED_OBJC_IMPLEMENTATIONS = YES;
				CLANG_WARN_DIRECT_OBJC_ISA_USAGE = YES_ERROR;
				CLANG_WARN_DOCUMENTATION_COMMENTS = YES;
				CLANG_WARN_EMPTY_BODY = YES;
				CLANG_WARN_ENUM_CONVERSION = YES;
				CLANG_WARN_INFINITE_RECURSION = YES;
				CLANG_WARN_INT_CONVERSION = YES;
				CLANG_WARN_NON_LITERAL_NULL_CONVERSION = YES;
				CLANG_WARN_OBJC_IMPLICIT_RETAIN_SELF = YES;
				CLANG_WARN_OBJC_LITERAL_CONVERSION = YES;
				CLANG_WARN_OBJC_ROOT_CLASS = YES_ERROR;
				CLANG_WARN_RANGE_LOOP_ANALYSIS = YES;
				CLANG_WARN_STRICT_PROTOTYPES = YES;
				CLANG_WARN_SUSPICIOUS_MOVE = YES;
				CLANG_WARN_UNGUARDED_AVAILABILITY = YES_AGGRESSIVE;
				CLANG_WARN_UNREACHABLE_CODE = YES;
				CLANG_WARN__DUPLICATE_METHOD_MATCH = YES;
				COPY_PHASE_STRIP = NO;
				DEBUG_INFORMATION_FORMAT = dwarf;
				ENABLE_STRICT_OBJC_MSGSEND = YES;
				ENABLE_TESTABILITY = YES;
				GCC_C_LANGUAGE_STANDARD = gnu11;
				GCC_DYNAMIC_NO_PIC = NO;
				GCC_NO_COMMON_BLOCKS = YES;
				GCC_OPTIMIZATION_LEVEL = 0;
				GCC_PREPROCESSOR_DEFINITIONS = (
					"DEBUG=1",
					"$(inherited)",
				);
				GCC_WARN_64_TO_32_BIT_CONVERSION = YES;
				GCC_WARN_ABOUT_RETURN_TYPE = YES_ERROR;
				GCC_WARN_UNDECLARED_SELECTOR = YES;
				GCC_WARN_UNINITIALIZED_AUTOS = YES_AGGRESSIVE;
				GCC_WARN_UNUSED_FUNCTION = YES;
				GCC_WARN_UNUSED_VARIABLE = YES;
				IPHONEOS_DEPLOYMENT_TARGET = 13.5;
				MTL_ENABLE_DEBUG_INFO = INCLUDE_SOURCE;
				MTL_FAST_MATH = YES;
				ONLY_ACTIVE_ARCH = YES;
				SDKROOT = iphoneos;
				SWIFT_ACTIVE_COMPILATION_CONDITIONS = DEBUG;
				SWIFT_OPTIMIZATION_LEVEL = "-Onone";
			};
			name = Debug;
		};
		B48C9F4924A768B800365E7F /* Release */ = {
			isa = XCBuildConfiguration;
			buildSettings = {
				ALWAYS_SEARCH_USER_PATHS = NO;
				CLANG_ANALYZER_NONNULL = YES;
				CLANG_ANALYZER_NUMBER_OBJECT_CONVERSION = YES_AGGRESSIVE;
				CLANG_CXX_LANGUAGE_STANDARD = "gnu++14";
				CLANG_CXX_LIBRARY = "libc++";
				CLANG_ENABLE_MODULES = YES;
				CLANG_ENABLE_OBJC_ARC = YES;
				CLANG_ENABLE_OBJC_WEAK = YES;
				CLANG_WARN_BLOCK_CAPTURE_AUTORELEASING = YES;
				CLANG_WARN_BOOL_CONVERSION = YES;
				CLANG_WARN_COMMA = YES;
				CLANG_WARN_CONSTANT_CONVERSION = YES;
				CLANG_WARN_DEPRECATED_OBJC_IMPLEMENTATIONS = YES;
				CLANG_WARN_DIRECT_OBJC_ISA_USAGE = YES_ERROR;
				CLANG_WARN_DOCUMENTATION_COMMENTS = YES;
				CLANG_WARN_EMPTY_BODY = YES;
				CLANG_WARN_ENUM_CONVERSION = YES;
				CLANG_WARN_INFINITE_RECURSION = YES;
				CLANG_WARN_INT_CONVERSION = YES;
				CLANG_WARN_NON_LITERAL_NULL_CONVERSION = YES;
				CLANG_WARN_OBJC_IMPLICIT_RETAIN_SELF = YES;
				CLANG_WARN_OBJC_LITERAL_CONVERSION = YES;
				CLANG_WARN_OBJC_ROOT_CLASS = YES_ERROR;
				CLANG_WARN_RANGE_LOOP_ANALYSIS = YES;
				CLANG_WARN_STRICT_PROTOTYPES = YES;
				CLANG_WARN_SUSPICIOUS_MOVE = YES;
				CLANG_WARN_UNGUARDED_AVAILABILITY = YES_AGGRESSIVE;
				CLANG_WARN_UNREACHABLE_CODE = YES;
				CLANG_WARN__DUPLICATE_METHOD_MATCH = YES;
				COPY_PHASE_STRIP = NO;
				DEBUG_INFORMATION_FORMAT = "dwarf-with-dsym";
				ENABLE_NS_ASSERTIONS = NO;
				ENABLE_STRICT_OBJC_MSGSEND = YES;
				GCC_C_LANGUAGE_STANDARD = gnu11;
				GCC_NO_COMMON_BLOCKS = YES;
				GCC_WARN_64_TO_32_BIT_CONVERSION = YES;
				GCC_WARN_ABOUT_RETURN_TYPE = YES_ERROR;
				GCC_WARN_UNDECLARED_SELECTOR = YES;
				GCC_WARN_UNINITIALIZED_AUTOS = YES_AGGRESSIVE;
				GCC_WARN_UNUSED_FUNCTION = YES;
				GCC_WARN_UNUSED_VARIABLE = YES;
				IPHONEOS_DEPLOYMENT_TARGET = 13.5;
				MTL_ENABLE_DEBUG_INFO = NO;
				MTL_FAST_MATH = YES;
				SDKROOT = iphoneos;
				SWIFT_COMPILATION_MODE = wholemodule;
				SWIFT_OPTIMIZATION_LEVEL = "-O";
				VALIDATE_PRODUCT = YES;
			};
			name = Release;
		};
		B48C9F4B24A768B800365E7F /* Debug */ = {
			isa = XCBuildConfiguration;
			buildSettings = {
				ASSETCATALOG_COMPILER_APPICON_NAME = AppIcon;
				CODE_SIGN_STYLE = Automatic;
				DEVELOPMENT_ASSET_PATHS = "\"Hello World/Preview Content\"";
				DEVELOPMENT_TEAM = ZFW7FV368P;
				ENABLE_PREVIEWS = YES;
				INFOPLIST_FILE = "Hello World/Info.plist";
				LD_RUNPATH_SEARCH_PATHS = (
					"$(inherited)",
					"@executable_path/Frameworks",
				);
				PRODUCT_BUNDLE_IDENTIFIER = "com.hardik.Hello-World";
				PRODUCT_NAME = "$(TARGET_NAME)";
				SWIFT_VERSION = 5.0;
				TARGETED_DEVICE_FAMILY = "1,2";
			};
			name = Debug;
		};
		B48C9F4C24A768B800365E7F /* Release */ = {
			isa = XCBuildConfiguration;
			buildSettings = {
				ASSETCATALOG_COMPILER_APPICON_NAME = AppIcon;
				CODE_SIGN_STYLE = Automatic;
				DEVELOPMENT_ASSET_PATHS = "\"Hello World/Preview Content\"";
				DEVELOPMENT_TEAM = ZFW7FV368P;
				ENABLE_PREVIEWS = YES;
				INFOPLIST_FILE = "Hello World/Info.plist";
				LD_RUNPATH_SEARCH_PATHS = (
					"$(inherited)",
					"@executable_path/Frameworks",
				);
				PRODUCT_BUNDLE_IDENTIFIER = "com.hardik.Hello-World";
				PRODUCT_NAME = "$(TARGET_NAME)";
				SWIFT_VERSION = 5.0;
				TARGETED_DEVICE_FAMILY = "1,2";
			};
			name = Release;
		};
		B48C9F4E24A768B800365E7F /* Debug */ = {
			isa = XCBuildConfiguration;
			buildSettings = {
				ALWAYS_EMBED_SWIFT_STANDARD_LIBRARIES = YES;
				BUNDLE_LOADER = "$(TEST_HOST)";
				CODE_SIGN_STYLE = Automatic;
				DEVELOPMENT_TEAM = ZFW7FV368P;
				INFOPLIST_FILE = "Hello WorldTests/Info.plist";
				IPHONEOS_DEPLOYMENT_TARGET = 13.5;
				LD_RUNPATH_SEARCH_PATHS = (
					"$(inherited)",
					"@executable_path/Frameworks",
					"@loader_path/Frameworks",
				);
				PRODUCT_BUNDLE_IDENTIFIER = "com.hardik.Hello-WorldTests";
				PRODUCT_NAME = "$(TARGET_NAME)";
				SWIFT_VERSION = 5.0;
				TARGETED_DEVICE_FAMILY = "1,2";
				TEST_HOST = "$(BUILT_PRODUCTS_DIR)/Hello World.app/Hello World";
			};
			name = Debug;
		};
		B48C9F4F24A768B800365E7F /* Release */ = {
			isa = XCBuildConfiguration;
			buildSettings = {
				ALWAYS_EMBED_SWIFT_STANDARD_LIBRARIES = YES;
				BUNDLE_LOADER = "$(TEST_HOST)";
				CODE_SIGN_STYLE = Automatic;
				DEVELOPMENT_TEAM = ZFW7FV368P;
				INFOPLIST_FILE = "Hello WorldTests/Info.plist";
				IPHONEOS_DEPLOYMENT_TARGET = 13.5;
				LD_RUNPATH_SEARCH_PATHS = (
					"$(inherited)",
					"@executable_path/Frameworks",
					"@loader_path/Frameworks",
				);
				PRODUCT_BUNDLE_IDENTIFIER = "com.hardik.Hello-WorldTests";
				PRODUCT_NAME = "$(TARGET_NAME)";
				SWIFT_VERSION = 5.0;
				TARGETED_DEVICE_FAMILY = "1,2";
				TEST_HOST = "$(BUILT_PRODUCTS_DIR)/Hello World.app/Hello World";
			};
			name = Release;
		};
		B48C9F5124A768B800365E7F /* Debug */ = {
			isa = XCBuildConfiguration;
			buildSettings = {
				ALWAYS_EMBED_SWIFT_STANDARD_LIBRARIES = YES;
				CODE_SIGN_STYLE = Automatic;
				DEVELOPMENT_TEAM = ZFW7FV368P;
				INFOPLIST_FILE = "Hello WorldUITests/Info.plist";
				LD_RUNPATH_SEARCH_PATHS = (
					"$(inherited)",
					"@executable_path/Frameworks",
					"@loader_path/Frameworks",
				);
				PRODUCT_BUNDLE_IDENTIFIER = "com.hardik.Hello-WorldUITests";
				PRODUCT_NAME = "$(TARGET_NAME)";
				SWIFT_VERSION = 5.0;
				TARGETED_DEVICE_FAMILY = "1,2";
				TEST_TARGET_NAME = "Hello World";
			};
			name = Debug;
		};
		B48C9F5224A768B800365E7F /* Release */ = {
			isa = XCBuildConfiguration;
			buildSettings = {
				ALWAYS_EMBED_SWIFT_STANDARD_LIBRARIES = YES;
				CODE_SIGN_STYLE = Automatic;
				DEVELOPMENT_TEAM = ZFW7FV368P;
				INFOPLIST_FILE = "Hello WorldUITests/Info.plist";
				LD_RUNPATH_SEARCH_PATHS = (
					"$(inherited)",
					"@executable_path/Frameworks",
					"@loader_path/Frameworks",
				);
				PRODUCT_BUNDLE_IDENTIFIER = "com.hardik.Hello-WorldUITests";
				PRODUCT_NAME = "$(TARGET_NAME)";
				SWIFT_VERSION = 5.0;
				TARGETED_DEVICE_FAMILY = "1,2";
				TEST_TARGET_NAME = "Hello World";
			};
			name = Release;
		};
/* End XCBuildConfiguration section */

/* Begin XCConfigurationList section */
		B48C9F1B24A768AF00365E7F /* Build configuration list for PBXProject "Hello World" */ = {
			isa = XCConfigurationList;
			buildConfigurations = (
				B48C9F4824A768B800365E7F /* Debug */,
				B48C9F4924A768B800365E7F /* Release */,
			);
			defaultConfigurationIsVisible = 0;
			defaultConfigurationName = Release;
		};
		B48C9F4A24A768B800365E7F /* Build configuration list for PBXNativeTarget "Hello World" */ = {
			isa = XCConfigurationList;
			buildConfigurations = (
				B48C9F4B24A768B800365E7F /* Debug */,
				B48C9F4C24A768B800365E7F /* Release */,
			);
			defaultConfigurationIsVisible = 0;
			defaultConfigurationName = Release;
		};
		B48C9F4D24A768B800365E7F /* Build configuration list for PBXNativeTarget "Hello WorldTests" */ = {
			isa = XCConfigurationList;
			buildConfigurations = (
				B48C9F4E24A768B800365E7F /* Debug */,
				B48C9F4F24A768B800365E7F /* Release */,
			);
			defaultConfigurationIsVisible = 0;
			defaultConfigurationName = Release;
		};
		B48C9F5024A768B800365E7F /* Build configuration list for PBXNativeTarget "Hello WorldUITests" */ = {
			isa = XCConfigurationList;
			buildConfigurations = (
				B48C9F5124A768B800365E7F /* Debug */,
				B48C9F5224A768B800365E7F /* Release */,
			);
			defaultConfigurationIsVisible = 0;
			defaultConfigurationName = Release;
		};
/* End XCConfigurationList section */
	};
	rootObject = B48C9F1824A768AF00365E7F /* Project object */;
}
